// !$*UTF8*$!
{
	archiveVersion = 1;
	classes = {
	};
	objectVersion = 56;
	objects = {

/* Begin PBXBuildFile section */
		527463DC2BD8B20A001537BF /* PlacesAIApp.swift in Sources */ = {isa = PBXBuildFile; fileRef = 527463DB2BD8B20A001537BF /* PlacesAIApp.swift */; };
		527463DE2BD8B20A001537BF /* ContentView.swift in Sources */ = {isa = PBXBuildFile; fileRef = 527463DD2BD8B20A001537BF /* ContentView.swift */; };
		527463E02BD8B20C001537BF /* Assets.xcassets in Resources */ = {isa = PBXBuildFile; fileRef = 527463DF2BD8B20C001537BF /* Assets.xcassets */; };
		527463E32BD8B20C001537BF /* Preview Assets.xcassets in Resources */ = {isa = PBXBuildFile; fileRef = 527463E22BD8B20C001537BF /* Preview Assets.xcassets */; };
		527463EE2BD8B35F001537BF /* GoogleGenerativeAI in Frameworks */ = {isa = PBXBuildFile; productRef = 527463ED2BD8B35F001537BF /* GoogleGenerativeAI */; };
		527463F12BD8B3CB001537BF /* Constant.swift in Sources */ = {isa = PBXBuildFile; fileRef = 527463F02BD8B3CB001537BF /* Constant.swift */; };
		527463F32BD8B53C001537BF /* Place.swift in Sources */ = {isa = PBXBuildFile; fileRef = 527463F22BD8B53C001537BF /* Place.swift */; };
		527463F62BD8B765001537BF /* PlaceVM.swift in Sources */ = {isa = PBXBuildFile; fileRef = 527463F52BD8B765001537BF /* PlaceVM.swift */; };
		527463F82BD8BA66001537BF /* PlaceRow.swift in Sources */ = {isa = PBXBuildFile; fileRef = 527463F72BD8BA66001537BF /* PlaceRow.swift */; };
		5274642D2BDB5EF0001537BF /* FirebaseRemoteConfig in Frameworks */ = {isa = PBXBuildFile; productRef = 5274642C2BDB5EF0001537BF /* FirebaseRemoteConfig */; };
		5274642F2BDB5EF0001537BF /* FirebaseRemoteConfigSwift in Frameworks */ = {isa = PBXBuildFile; productRef = 5274642E2BDB5EF0001537BF /* FirebaseRemoteConfigSwift */; };
		527464312BDB6081001537BF /* GoogleService-Info.plist in Resources */ = {isa = PBXBuildFile; fileRef = 527464302BDB6081001537BF /* GoogleService-Info.plist */; };
		527464342BDB616F001537BF /* RemoteConfigService.swift in Sources */ = {isa = PBXBuildFile; fileRef = 527464332BDB616F001537BF /* RemoteConfigService.swift */; };
/* End PBXBuildFile section */

/* Begin PBXFileReference section */
		527463D82BD8B20A001537BF /* PlacesAI.app */ = {isa = PBXFileReference; explicitFileType = wrapper.application; includeInIndex = 0; path = PlacesAI.app; sourceTree = BUILT_PRODUCTS_DIR; };
		527463DB2BD8B20A001537BF /* PlacesAIApp.swift */ = {isa = PBXFileReference; lastKnownFileType = sourcecode.swift; path = PlacesAIApp.swift; sourceTree = "<group>"; };
		527463DD2BD8B20A001537BF /* ContentView.swift */ = {isa = PBXFileReference; lastKnownFileType = sourcecode.swift; path = ContentView.swift; sourceTree = "<group>"; };
		527463DF2BD8B20C001537BF /* Assets.xcassets */ = {isa = PBXFileReference; lastKnownFileType = folder.assetcatalog; path = Assets.xcassets; sourceTree = "<group>"; };
		527463E22BD8B20C001537BF /* Preview Assets.xcassets */ = {isa = PBXFileReference; lastKnownFileType = folder.assetcatalog; path = "Preview Assets.xcassets"; sourceTree = "<group>"; };
		527463F02BD8B3CB001537BF /* Constant.swift */ = {isa = PBXFileReference; lastKnownFileType = sourcecode.swift; path = Constant.swift; sourceTree = "<group>"; };
		527463F22BD8B53C001537BF /* Place.swift */ = {isa = PBXFileReference; lastKnownFileType = sourcecode.swift; path = Place.swift; sourceTree = "<group>"; };
		527463F52BD8B765001537BF /* PlaceVM.swift */ = {isa = PBXFileReference; lastKnownFileType = sourcecode.swift; path = PlaceVM.swift; sourceTree = "<group>"; };
		527463F72BD8BA66001537BF /* PlaceRow.swift */ = {isa = PBXFileReference; lastKnownFileType = sourcecode.swift; path = PlaceRow.swift; sourceTree = "<group>"; };
		527464302BDB6081001537BF /* GoogleService-Info.plist */ = {isa = PBXFileReference; fileEncoding = 4; lastKnownFileType = text.plist.xml; path = "GoogleService-Info.plist"; sourceTree = "<group>"; };
		527464332BDB616F001537BF /* RemoteConfigService.swift */ = {isa = PBXFileReference; lastKnownFileType = sourcecode.swift; path = RemoteConfigService.swift; sourceTree = "<group>"; };
/* End PBXFileReference section */

/* Begin PBXFrameworksBuildPhase section */
		527463D52BD8B20A001537BF /* Frameworks */ = {
			isa = PBXFrameworksBuildPhase;
			buildActionMask = 2147483647;
			files = (
				5274642F2BDB5EF0001537BF /* FirebaseRemoteConfigSwift in Frameworks */,
				527463EE2BD8B35F001537BF /* GoogleGenerativeAI in Frameworks */,
				5274642D2BDB5EF0001537BF /* FirebaseRemoteConfig in Frameworks */,
			);
			runOnlyForDeploymentPostprocessing = 0;
		};
/* End PBXFrameworksBuildPhase section */

/* Begin PBXGroup section */
		527463CF2BD8B20A001537BF = {
			isa = PBXGroup;
			children = (
				527463DA2BD8B20A001537BF /* PlacesAI */,
				527463D92BD8B20A001537BF /* Products */,
				5274642B2BDB5EF0001537BF /* Frameworks */,
			);
			sourceTree = "<group>";
		};
		527463D92BD8B20A001537BF /* Products */ = {
			isa = PBXGroup;
			children = (
				527463D82BD8B20A001537BF /* PlacesAI.app */,
			);
			name = Products;
			sourceTree = "<group>";
		};
		527463DA2BD8B20A001537BF /* PlacesAI */ = {
			isa = PBXGroup;
			children = (
				527464322BDB6154001537BF /* Config */,
				527464302BDB6081001537BF /* GoogleService-Info.plist */,
				527463F42BD8B74E001537BF /* ViewModel */,
				527463EF2BD8B3AC001537BF /* Model */,
				527463EB2BD8B228001537BF /* App */,
				527463EA2BD8B220001537BF /* View */,
				527463E92BD8B214001537BF /* Resources */,
				527463E12BD8B20C001537BF /* Preview Content */,
			);
			path = PlacesAI;
			sourceTree = "<group>";
		};
		527463E12BD8B20C001537BF /* Preview Content */ = {
			isa = PBXGroup;
			children = (
				527463E22BD8B20C001537BF /* Preview Assets.xcassets */,
			);
			path = "Preview Content";
			sourceTree = "<group>";
		};
		527463E92BD8B214001537BF /* Resources */ = {
			isa = PBXGroup;
			children = (
				527463DF2BD8B20C001537BF /* Assets.xcassets */,
			);
			path = Resources;
			sourceTree = "<group>";
		};
		527463EA2BD8B220001537BF /* View */ = {
			isa = PBXGroup;
			children = (
				527463DD2BD8B20A001537BF /* ContentView.swift */,
				527463F72BD8BA66001537BF /* PlaceRow.swift */,
			);
			path = View;
			sourceTree = "<group>";
		};
		527463EB2BD8B228001537BF /* App */ = {
			isa = PBXGroup;
			children = (
				527463DB2BD8B20A001537BF /* PlacesAIApp.swift */,
			);
			path = App;
			sourceTree = "<group>";
		};
		527463EF2BD8B3AC001537BF /* Model */ = {
			isa = PBXGroup;
			children = (
				527463F02BD8B3CB001537BF /* Constant.swift */,
				527463F22BD8B53C001537BF /* Place.swift */,
			);
			path = Model;
			sourceTree = "<group>";
		};
		527463F42BD8B74E001537BF /* ViewModel */ = {
			isa = PBXGroup;
			children = (
				527463F52BD8B765001537BF /* PlaceVM.swift */,
			);
			path = ViewModel;
			sourceTree = "<group>";
		};
		5274642B2BDB5EF0001537BF /* Frameworks */ = {
			isa = PBXGroup;
			children = (
			);
			name = Frameworks;
			sourceTree = "<group>";
		};
		527464322BDB6154001537BF /* Config */ = {
			isa = PBXGroup;
			children = (
				527464332BDB616F001537BF /* RemoteConfigService.swift */,
			);
			path = Config;
			sourceTree = "<group>";
		};
/* End PBXGroup section */

/* Begin PBXNativeTarget section */
		527463D72BD8B20A001537BF /* PlacesAI */ = {
			isa = PBXNativeTarget;
			buildConfigurationList = 527463E62BD8B20C001537BF /* Build configuration list for PBXNativeTarget "PlacesAI" */;
			buildPhases = (
				527463D42BD8B20A001537BF /* Sources */,
				527463D52BD8B20A001537BF /* Frameworks */,
				527463D62BD8B20A001537BF /* Resources */,
			);
			buildRules = (
			);
			dependencies = (
			);
			name = PlacesAI;
			packageProductDependencies = (
				527463ED2BD8B35F001537BF /* GoogleGenerativeAI */,
				5274642C2BDB5EF0001537BF /* FirebaseRemoteConfig */,
				5274642E2BDB5EF0001537BF /* FirebaseRemoteConfigSwift */,
			);
			productName = PlacesAI;
			productReference = 527463D82BD8B20A001537BF /* PlacesAI.app */;
			productType = "com.apple.product-type.application";
		};
/* End PBXNativeTarget section */

/* Begin PBXProject section */
		527463D02BD8B20A001537BF /* Project object */ = {
			isa = PBXProject;
			attributes = {
				BuildIndependentTargetsInParallel = 1;
				LastSwiftUpdateCheck = 1530;
				LastUpgradeCheck = 1530;
				TargetAttributes = {
					527463D72BD8B20A001537BF = {
						CreatedOnToolsVersion = 15.3;
					};
				};
			};
			buildConfigurationList = 527463D32BD8B20A001537BF /* Build configuration list for PBXProject "PlacesAI" */;
			compatibilityVersion = "Xcode 14.0";
			developmentRegion = en;
			hasScannedForEncodings = 0;
			knownRegions = (
				en,
				Base,
			);
			mainGroup = 527463CF2BD8B20A001537BF;
			packageReferences = (
				527463EC2BD8B35F001537BF /* XCRemoteSwiftPackageReference "generative-ai-swift" */,
				5274642A2BDB5DDD001537BF /* XCRemoteSwiftPackageReference "firebase-ios-sdk" */,
			);
			productRefGroup = 527463D92BD8B20A001537BF /* Products */;
			projectDirPath = "";
			projectRoot = "";
			targets = (
				527463D72BD8B20A001537BF /* PlacesAI */,
			);
		};
/* End PBXProject section */

/* Begin PBXResourcesBuildPhase section */
		527463D62BD8B20A001537BF /* Resources */ = {
			isa = PBXResourcesBuildPhase;
			buildActionMask = 2147483647;
			files = (
				527463E32BD8B20C001537BF /* Preview Assets.xcassets in Resources */,
				527463E02BD8B20C001537BF /* Assets.xcassets in Resources */,
				527464312BDB6081001537BF /* GoogleService-Info.plist in Resources */,
			);
			runOnlyForDeploymentPostprocessing = 0;
		};
/* End PBXResourcesBuildPhase section */

/* Begin PBXSourcesBuildPhase section */
		527463D42BD8B20A001537BF /* Sources */ = {
			isa = PBXSourcesBuildPhase;
			buildActionMask = 2147483647;
			files = (
				527463DE2BD8B20A001537BF /* ContentView.swift in Sources */,
				527463DC2BD8B20A001537BF /* PlacesAIApp.swift in Sources */,
				527463F82BD8BA66001537BF /* PlaceRow.swift in Sources */,
				527463F12BD8B3CB001537BF /* Constant.swift in Sources */,
				527463F62BD8B765001537BF /* PlaceVM.swift in Sources */,
				527463F32BD8B53C001537BF /* Place.swift in Sources */,
				527464342BDB616F001537BF /* RemoteConfigService.swift in Sources */,
			);
			runOnlyForDeploymentPostprocessing = 0;
		};
/* End PBXSourcesBuildPhase section */

/* Begin XCBuildConfiguration section */
		527463E42BD8B20C001537BF /* Debug */ = {
			isa = XCBuildConfiguration;
			buildSettings = {
				ALWAYS_SEARCH_USER_PATHS = NO;
				ASSETCATALOG_COMPILER_GENERATE_SWIFT_ASSET_SYMBOL_EXTENSIONS = YES;
				CLANG_ANALYZER_NONNULL = YES;
				CLANG_ANALYZER_NUMBER_OBJECT_CONVERSION = YES_AGGRESSIVE;
				CLANG_CXX_LANGUAGE_STANDARD = "gnu++20";
				CLANG_ENABLE_MODULES = YES;
				CLANG_ENABLE_OBJC_ARC = YES;
				CLANG_ENABLE_OBJC_WEAK = YES;
				CLANG_WARN_BLOCK_CAPTURE_AUTORELEASING = YES;
				CLANG_WARN_BOOL_CONVERSION = YES;
				CLANG_WARN_COMMA = YES;
				CLANG_WARN_CONSTANT_CONVERSION = YES;
				CLANG_WARN_DEPRECATED_OBJC_IMPLEMENTATIONS = YES;
				CLANG_WARN_DIRECT_OBJC_ISA_USAGE = YES_ERROR;
				CLANG_WARN_DOCUMENTATION_COMMENTS = YES;
				CLANG_WARN_EMPTY_BODY = YES;
				CLANG_WARN_ENUM_CONVERSION = YES;
				CLANG_WARN_INFINITE_RECURSION = YES;
				CLANG_WARN_INT_CONVERSION = YES;
				CLANG_WARN_NON_LITERAL_NULL_CONVERSION = YES;
				CLANG_WARN_OBJC_IMPLICIT_RETAIN_SELF = YES;
				CLANG_WARN_OBJC_LITERAL_CONVERSION = YES;
				CLANG_WARN_OBJC_ROOT_CLASS = YES_ERROR;
				CLANG_WARN_QUOTED_INCLUDE_IN_FRAMEWORK_HEADER = YES;
				CLANG_WARN_RANGE_LOOP_ANALYSIS = YES;
				CLANG_WARN_STRICT_PROTOTYPES = YES;
				CLANG_WARN_SUSPICIOUS_MOVE = YES;
				CLANG_WARN_UNGUARDED_AVAILABILITY = YES_AGGRESSIVE;
				CLANG_WARN_UNREACHABLE_CODE = YES;
				CLANG_WARN__DUPLICATE_METHOD_MATCH = YES;
				COPY_PHASE_STRIP = NO;
				DEBUG_INFORMATION_FORMAT = dwarf;
				ENABLE_STRICT_OBJC_MSGSEND = YES;
				ENABLE_TESTABILITY = YES;
				ENABLE_USER_SCRIPT_SANDBOXING = YES;
				GCC_C_LANGUAGE_STANDARD = gnu17;
				GCC_DYNAMIC_NO_PIC = NO;
				GCC_NO_COMMON_BLOCKS = YES;
				GCC_OPTIMIZATION_LEVEL = 0;
				GCC_PREPROCESSOR_DEFINITIONS = (
					"DEBUG=1",
					"$(inherited)",
				);
				GCC_WARN_64_TO_32_BIT_CONVERSION = YES;
				GCC_WARN_ABOUT_RETURN_TYPE = YES_ERROR;
				GCC_WARN_UNDECLARED_SELECTOR = YES;
				GCC_WARN_UNINITIALIZED_AUTOS = YES_AGGRESSIVE;
				GCC_WARN_UNUSED_FUNCTION = YES;
				GCC_WARN_UNUSED_VARIABLE = YES;
				IPHONEOS_DEPLOYMENT_TARGET = 17.4;
				LOCALIZATION_PREFERS_STRING_CATALOGS = YES;
				MTL_ENABLE_DEBUG_INFO = INCLUDE_SOURCE;
				MTL_FAST_MATH = YES;
				ONLY_ACTIVE_ARCH = YES;
				SDKROOT = iphoneos;
				SWIFT_ACTIVE_COMPILATION_CONDITIONS = "DEBUG $(inherited)";
				SWIFT_OPTIMIZATION_LEVEL = "-Onone";
			};
			name = Debug;
		};
		527463E52BD8B20C001537BF /* Release */ = {
			isa = XCBuildConfiguration;
			buildSettings = {
				ALWAYS_SEARCH_USER_PATHS = NO;
				ASSETCATALOG_COMPILER_GENERATE_SWIFT_ASSET_SYMBOL_EXTENSIONS = YES;
				CLANG_ANALYZER_NONNULL = YES;
				CLANG_ANALYZER_NUMBER_OBJECT_CONVERSION = YES_AGGRESSIVE;
				CLANG_CXX_LANGUAGE_STANDARD = "gnu++20";
				CLANG_ENABLE_MODULES = YES;
				CLANG_ENABLE_OBJC_ARC = YES;
				CLANG_ENABLE_OBJC_WEAK = YES;
				CLANG_WARN_BLOCK_CAPTURE_AUTORELEASING = YES;
				CLANG_WARN_BOOL_CONVERSION = YES;
				CLANG_WARN_COMMA = YES;
				CLANG_WARN_CONSTANT_CONVERSION = YES;
				CLANG_WARN_DEPRECATED_OBJC_IMPLEMENTATIONS = YES;
				CLANG_WARN_DIRECT_OBJC_ISA_USAGE = YES_ERROR;
				CLANG_WARN_DOCUMENTATION_COMMENTS = YES;
				CLANG_WARN_EMPTY_BODY = YES;
				CLANG_WARN_ENUM_CONVERSION = YES;
				CLANG_WARN_INFINITE_RECURSION = YES;
				CLANG_WARN_INT_CONVERSION = YES;
				CLANG_WARN_NON_LITERAL_NULL_CONVERSION = YES;
				CLANG_WARN_OBJC_IMPLICIT_RETAIN_SELF = YES;
				CLANG_WARN_OBJC_LITERAL_CONVERSION = YES;
				CLANG_WARN_OBJC_ROOT_CLASS = YES_ERROR;
				CLANG_WARN_QUOTED_INCLUDE_IN_FRAMEWORK_HEADER = YES;
				CLANG_WARN_RANGE_LOOP_ANALYSIS = YES;
				CLANG_WARN_STRICT_PROTOTYPES = YES;
				CLANG_WARN_SUSPICIOUS_MOVE = YES;
				CLANG_WARN_UNGUARDED_AVAILABILITY = YES_AGGRESSIVE;
				CLANG_WARN_UNREACHABLE_CODE = YES;
				CLANG_WARN__DUPLICATE_METHOD_MATCH = YES;
				COPY_PHASE_STRIP = NO;
				DEBUG_INFORMATION_FORMAT = "dwarf-with-dsym";
				ENABLE_NS_ASSERTIONS = NO;
				ENABLE_STRICT_OBJC_MSGSEND = YES;
				ENABLE_USER_SCRIPT_SANDBOXING = YES;
				GCC_C_LANGUAGE_STANDARD = gnu17;
				GCC_NO_COMMON_BLOCKS = YES;
				GCC_WARN_64_TO_32_BIT_CONVERSION = YES;
				GCC_WARN_ABOUT_RETURN_TYPE = YES_ERROR;
				GCC_WARN_UNDECLARED_SELECTOR = YES;
				GCC_WARN_UNINITIALIZED_AUTOS = YES_AGGRESSIVE;
				GCC_WARN_UNUSED_FUNCTION = YES;
				GCC_WARN_UNUSED_VARIABLE = YES;
				IPHONEOS_DEPLOYMENT_TARGET = 17.4;
				LOCALIZATION_PREFERS_STRING_CATALOGS = YES;
				MTL_ENABLE_DEBUG_INFO = NO;
				MTL_FAST_MATH = YES;
				SDKROOT = iphoneos;
				SWIFT_COMPILATION_MODE = wholemodule;
				VALIDATE_PRODUCT = YES;
			};
			name = Release;
		};
		527463E72BD8B20C001537BF /* Debug */ = {
			isa = XCBuildConfiguration;
			buildSettings = {
				ASSETCATALOG_COMPILER_APPICON_NAME = AppIcon;
				ASSETCATALOG_COMPILER_GLOBAL_ACCENT_COLOR_NAME = AccentColor;
				CODE_SIGN_STYLE = Automatic;
				CURRENT_PROJECT_VERSION = 1;
				DEVELOPMENT_ASSET_PATHS = "\"PlacesAI/Preview Content\"";
				ENABLE_PREVIEWS = YES;
				GENERATE_INFOPLIST_FILE = YES;
				INFOPLIST_KEY_UIApplicationSceneManifest_Generation = YES;
				INFOPLIST_KEY_UIApplicationSupportsIndirectInputEvents = YES;
				INFOPLIST_KEY_UILaunchScreen_Generation = YES;
				INFOPLIST_KEY_UISupportedInterfaceOrientations_iPad = "UIInterfaceOrientationPortrait UIInterfaceOrientationPortraitUpsideDown UIInterfaceOrientationLandscapeLeft UIInterfaceOrientationLandscapeRight";
				INFOPLIST_KEY_UISupportedInterfaceOrientations_iPhone = "UIInterfaceOrientationPortrait UIInterfaceOrientationLandscapeLeft UIInterfaceOrientationLandscapeRight";
				LD_RUNPATH_SEARCH_PATHS = (
					"$(inherited)",
					"@executable_path/Frameworks",
				);
				MARKETING_VERSION = 1.0;
				PRODUCT_BUNDLE_IDENTIFIER = com.iswift.PlacesAI;
				PRODUCT_NAME = "$(TARGET_NAME)";
				SWIFT_EMIT_LOC_STRINGS = YES;
				SWIFT_VERSION = 5.0;
				TARGETED_DEVICE_FAMILY = "1,2";
			};
			name = Debug;
		};
		527463E82BD8B20C001537BF /* Release */ = {
			isa = XCBuildConfiguration;
			buildSettings = {
				ASSETCATALOG_COMPILER_APPICON_NAME = AppIcon;
				ASSETCATALOG_COMPILER_GLOBAL_ACCENT_COLOR_NAME = AccentColor;
				CODE_SIGN_STYLE = Automatic;
				CURRENT_PROJECT_VERSION = 1;
				DEVELOPMENT_ASSET_PATHS = "\"PlacesAI/Preview Content\"";
				ENABLE_PREVIEWS = YES;
				GENERATE_INFOPLIST_FILE = YES;
				INFOPLIST_KEY_UIApplicationSceneManifest_Generation = YES;
				INFOPLIST_KEY_UIApplicationSupportsIndirectInputEvents = YES;
				INFOPLIST_KEY_UILaunchScreen_Generation = YES;
				INFOPLIST_KEY_UISupportedInterfaceOrientations_iPad = "UIInterfaceOrientationPortrait UIInterfaceOrientationPortraitUpsideDown UIInterfaceOrientationLandscapeLeft UIInterfaceOrientationLandscapeRight";
				INFOPLIST_KEY_UISupportedInterfaceOrientations_iPhone = "UIInterfaceOrientationPortrait UIInterfaceOrientationLandscapeLeft UIInterfaceOrientationLandscapeRight";
				LD_RUNPATH_SEARCH_PATHS = (
					"$(inherited)",
					"@executable_path/Frameworks",
				);
				MARKETING_VERSION = 1.0;
				PRODUCT_BUNDLE_IDENTIFIER = com.iswift.PlacesAI;
				PRODUCT_NAME = "$(TARGET_NAME)";
				SWIFT_EMIT_LOC_STRINGS = YES;
				SWIFT_VERSION = 5.0;
				TARGETED_DEVICE_FAMILY = "1,2";
			};
			name = Release;
		};
/* End XCBuildConfiguration section */

/* Begin XCConfigurationList section */
		527463D32BD8B20A001537BF /* Build configuration list for PBXProject "PlacesAI" */ = {
			isa = XCConfigurationList;
			buildConfigurations = (
				527463E42BD8B20C001537BF /* Debug */,
				527463E52BD8B20C001537BF /* Release */,
			);
			defaultConfigurationIsVisible = 0;
			defaultConfigurationName = Release;
		};
		527463E62BD8B20C001537BF /* Build configuration list for PBXNativeTarget "PlacesAI" */ = {
			isa = XCConfigurationList;
			buildConfigurations = (
				527463E72BD8B20C001537BF /* Debug */,
				527463E82BD8B20C001537BF /* Release */,
			);
			defaultConfigurationIsVisible = 0;
			defaultConfigurationName = Release;
		};
/* End XCConfigurationList section */

/* Begin XCRemoteSwiftPackageReference section */
		527463EC2BD8B35F001537BF /* XCRemoteSwiftPackageReference "generative-ai-swift" */ = {
			isa = XCRemoteSwiftPackageReference;
			repositoryURL = "https://github.com/google-gemini/generative-ai-swift.git";
			requirement = {
				kind = upToNextMajorVersion;
				minimumVersion = 0.5.0;
			};
		};
		5274642A2BDB5DDD001537BF /* XCRemoteSwiftPackageReference "firebase-ios-sdk" */ = {
			isa = XCRemoteSwiftPackageReference;
			repositoryURL = "https://github.com/firebase/firebase-ios-sdk.git";
			requirement = {
				kind = upToNextMajorVersion;
				minimumVersion = 10.24.0;
			};
		};
/* End XCRemoteSwiftPackageReference section */

/* Begin XCSwiftPackageProductDependency section */
		527463ED2BD8B35F001537BF /* GoogleGenerativeAI */ = {
			isa = XCSwiftPackageProductDependency;
			package = 527463EC2BD8B35F001537BF /* XCRemoteSwiftPackageReference "generative-ai-swift" */;
			productName = GoogleGenerativeAI;
		};
		5274642C2BDB5EF0001537BF /* FirebaseRemoteConfig */ = {
			isa = XCSwiftPackageProductDependency;
			package = 5274642A2BDB5DDD001537BF /* XCRemoteSwiftPackageReference "firebase-ios-sdk" */;
			productName = FirebaseRemoteConfig;
		};
		5274642E2BDB5EF0001537BF /* FirebaseRemoteConfigSwift */ = {
			isa = XCSwiftPackageProductDependency;
			package = 5274642A2BDB5DDD001537BF /* XCRemoteSwiftPackageReference "firebase-ios-sdk" */;
			productName = FirebaseRemoteConfigSwift;
		};
/* End XCSwiftPackageProductDependency section */
	};
	rootObject = 527463D02BD8B20A001537BF /* Project object */;
}
